PODS:
  - FCFileManager (1.0.20)
  - Masonry (1.1.0)
  - RCChatroomSceneKit (0.0.2):
    - Masonry
    - RCCoreKit
    - YYModel
  - RCCoreKit (0.0.1):
    - FCFileManager
    - SSZipArchive
    - YYModel
  - SSZipArchive (2.4.2)
  - YYModel (1.0.4)

DEPENDENCIES:
  - RCChatroomSceneKit (from `../`)

SPEC REPOS:
  trunk:
    - FCFileManager
    - Masonry
    - RCCoreKit
    - SSZipArchive
    - YYModel

EXTERNAL SOURCES:
  RCChatroomSceneKit:
    :path: "../"

SPEC CHECKSUMS:
  FCFileManager: e0f73316e6aa2eb04d2ff4caa75fe7df1ae44270
  Masonry: 678fab65091a9290e40e2832a55e7ab731aad201
  RCChatroomSceneKit: 8551a2efa6d07d3c86707c8fee6b97f67fe3381c
  RCCoreKit: 3f143441ac62880b454cca9066f526a27c45d4ce
  SSZipArchive: e7b4f3d9e780c2acc1764cd88fbf2de28f26e5b2
  YYModel: 2a7fdd96aaa4b86a824e26d0c517de8928c04b30

PODFILE CHECKSUM: ac62e22e64dfcd45f487ea8ee58ecddf12ed1985

COCOAPODS: 1.11.2
